{
  "name": "tech",
  "lockfileVersion": 2,
  "requires": true,
  "packages": {
    "": {
      "dependencies": {
        "gitbook-plugin-expandable-chapters-small": "^0.1.7",
        "gitbook-plugin-pageview-count": "^1.0.1",
        "package-lock.json": "^1.0.0"
      }
    },
    "node_modules/gitbook-plugin-expandable-chapters-small": {
      "version": "0.1.7",
      "resolved": "https://registry.npmjs.org/gitbook-plugin-expandable-chapters-small/-/gitbook-plugin-expandable-chapters-small-0.1.7.tgz",
      "integrity": "sha1-r8nll7aFEVb6ewAjH/irk/T+ukw=",
      "engines": {
        "gitbook": ">=0.4.6"
      }
    },
    "node_modules/gitbook-plugin-pageview-count": {
      "version": "1.0.1",
      "resolved": "https://registry.npmjs.org/gitbook-plugin-pageview-count/-/gitbook-plugin-pageview-count-1.0.1.tgz",
      "integrity": "sha512-5lb2tSTTxvt7Su8dhPlKCO8sYwIA15MJPmlVTa/WcH3SEphlGLb4Z0DzvfHxfzn33ilbJTljwk28yOzw/tpFhA==",
      "engines": {
        "gitbook": ">=3.1.1"
      }
    },
    "node_modules/package-lock.json": {
      "version": "1.0.0",
      "resolved": "https://registry.npmjs.org/package-lock.json/-/package-lock.json-1.0.0.tgz",
      "integrity": "sha512-+yEXtNdlCs5N0Zy/9uvkifgf/RqnGu0WqP4j9Wu1Us4YReFe1YNBh2Krmf8B1xGxjpYnta63K55QP8bkafnOzA=="
    }
  },
  "dependencies": {
    "gitbook-plugin-expandable-chapters-small": {
      "version": "0.1.7",
      "resolved": "https://registry.npmjs.org/gitbook-plugin-expandable-chapters-small/-/gitbook-plugin-expandable-chapters-small-0.1.7.tgz",
      "integrity": "sha1-r8nll7aFEVb6ewAjH/irk/T+ukw="
    },
    "gitbook-plugin-pageview-count": {
      "version": "1.0.1",
      "resolved": "https://registry.npmjs.org/gitbook-plugin-pageview-count/-/gitbook-plugin-pageview-count-1.0.1.tgz",
      "integrity": "sha512-5lb2tSTTxvt7Su8dhPlKCO8sYwIA15MJPmlVTa/WcH3SEphlGLb4Z0DzvfHxfzn33ilbJTljwk28yOzw/tpFhA=="
    },
    "package-lock.json": {
      "version": "1.0.0",
      "resolved": "https://registry.npmjs.org/package-lock.json/-/package-lock.json-1.0.0.tgz",
      "integrity": "sha512-+yEXtNdlCs5N0Zy/9uvkifgf/RqnGu0WqP4j9Wu1Us4YReFe1YNBh2Krmf8B1xGxjpYnta63K55QP8bkafnOzA=="
    }
  }
}
